
Microsoft Visual Studio Solution File, Format Version 12.00
# Visual Studio Version 16
VisualStudioVersion = 16.0.30503.244
MinimumVisualStudioVersion = 10.0.40219.1
Project("{FAE04EC0-301F-11D3-BF4B-00C04F79EFBC}") = "MVC5Demo", "MVC5Demo\MVC5Demo.csproj", "{7544CB0E-9F49-4DAE-90BE-36E4573E8933}"
EndProject
Global
	GlobalSection(SolutionConfigurationPlatforms) = preSolution
		Debug|Any CPU = Debug|Any CPU
		Release|Any CPU = Release|Any CPU
	EndGlobalSection
	GlobalSection(ProjectConfigurationPlatforms) = postSolution
		{7544CB0E-9F49-4DAE-90BE-36E4573E8933}.Debug|Any CPU.ActiveCfg = Debug|Any CPU
		{7544CB0E-9F49-4DAE-90BE-36E4573E8933}.Debug|Any CPU.Build.0 = Debug|Any CPU
		{7544CB0E-9F49-4DAE-90BE-36E4573E8933}.Release|Any CPU.ActiveCfg = Release|Any CPU
		{7544CB0E-9F49-4DAE-90BE-36E4573E8933}.Release|Any CPU.Build.0 = Release|Any CPU
	EndGlobalSection
	GlobalSection(SolutionProperties) = preSolution
		HideSolutionNode = FALSE
	EndGlobalSection
	GlobalSection(ExtensibilityGlobals) = postSolution
		SolutionGuid = {6DA7E11A-5B9F-4A70-9B4C-59209C426ED0}
	EndGlobalSection
EndGlobal
